
Microsoft Visual Studio Solution File, Format Version 12.00
Project("{FAE04EC0-301F-11D3-BF4B-00C04F79EFBC}") = "Assignment_4", "Assignment_4\Assignment_4.csproj", "{81DFC1A8-9531-4601-BCAD-1689B6F59260}"
EndProject
Global
	GlobalSection(SolutionConfigurationPlatforms) = preSolution
		Debug|Any CPU = Debug|Any CPU
		Release|Any CPU = Release|Any CPU
	EndGlobalSection
	GlobalSection(ProjectConfigurationPlatforms) = postSolution
		{81DFC1A8-9531-4601-BCAD-1689B6F59260}.Debug|Any CPU.ActiveCfg = Debug|Any CPU
		{81DFC1A8-9531-4601-BCAD-1689B6F59260}.Debug|Any CPU.Build.0 = Debug|Any CPU
		{81DFC1A8-9531-4601-BCAD-1689B6F59260}.Release|Any CPU.ActiveCfg = Release|Any CPU
		{81DFC1A8-9531-4601-BCAD-1689B6F59260}.Release|Any CPU.Build.0 = Release|Any CPU
	EndGlobalSection
EndGlobal
