
Microsoft Visual Studio Solution File, Format Version 12.00
Project("{FAE04EC0-301F-11D3-BF4B-00C04F79EFBC}") = "Assignment_2", "Assignment_2\Assignment_2.csproj", "{7332AFC9-521B-4606-B234-1177AE44F3C5}"
EndProject
Global
	GlobalSection(SolutionConfigurationPlatforms) = preSolution
		Debug|Any CPU = Debug|Any CPU
		Release|Any CPU = Release|Any CPU
	EndGlobalSection
	GlobalSection(ProjectConfigurationPlatforms) = postSolution
		{7332AFC9-521B-4606-B234-1177AE44F3C5}.Debug|Any CPU.ActiveCfg = Debug|Any CPU
		{7332AFC9-521B-4606-B234-1177AE44F3C5}.Debug|Any CPU.Build.0 = Debug|Any CPU
		{7332AFC9-521B-4606-B234-1177AE44F3C5}.Release|Any CPU.ActiveCfg = Release|Any CPU
		{7332AFC9-521B-4606-B234-1177AE44F3C5}.Release|Any CPU.Build.0 = Release|Any CPU
	EndGlobalSection
EndGlobal
